
Microsoft Visual Studio Solution File, Format Version 12.00
# Visual Studio 15
Project("{FAE04EC0-301F-11D3-BF4B-00C04F79EFBC}") = "program", "program\program.csproj", "{3C33BD47-ACAF-4905-B555-18590F98E3A6}"
EndProject
Global
	GlobalSection(SolutionConfigurationPlatforms) = preSolution
		Debug|anycpu = Debug|anycpu
		Release|anycpu = Release|anycpu
	EndGlobalSection
	GlobalSection(ProjectConfigurationPlatforms) = postSolution
		{3C33BD47-ACAF-4905-B555-18590F98E3A6}.Debug|anycpu.ActiveCfg = Debug|anycpu
		{3C33BD47-ACAF-4905-B555-18590F98E3A6}.Debug|anycpu.Build.0 = Debug|anycpu
		{3C33BD47-ACAF-4905-B555-18590F98E3A6}.Release|anycpu.ActiveCfg = Release|anycpu
		{3C33BD47-ACAF-4905-B555-18590F98E3A6}.Release|anycpu.Build.0 = Release|anycpu
	EndGlobalSection
EndGlobal
