
Microsoft Visual Studio Solution File, Format Version 12.00
# Visual Studio 15
Project("{FAE04EC0-301F-11D3-BF4B-00C04F79EFBC}") = "appendFile", "appendFile\appendFile.csproj", "{83C08148-FF8C-4518-BE7C-5787B1347F7C}"
EndProject
Global
	GlobalSection(SolutionConfigurationPlatforms) = preSolution
		Debug|anycpu = Debug|anycpu
		Release|anycpu = Release|anycpu
	EndGlobalSection
	GlobalSection(ProjectConfigurationPlatforms) = postSolution
		{83C08148-FF8C-4518-BE7C-5787B1347F7C}.Debug|anycpu.ActiveCfg = Debug|anycpu
		{83C08148-FF8C-4518-BE7C-5787B1347F7C}.Debug|anycpu.Build.0 = Debug|anycpu
		{83C08148-FF8C-4518-BE7C-5787B1347F7C}.Release|anycpu.ActiveCfg = Release|anycpu
		{83C08148-FF8C-4518-BE7C-5787B1347F7C}.Release|anycpu.Build.0 = Release|anycpu
	EndGlobalSection
EndGlobal
